// !$*UTF8*$!
{
	archiveVersion = 1;
	classes = {
	};
	objectVersion = 46;
	objects = {

/* Begin PBXBuildFile section */
		F5B182EA1BDFE2BE00EE5757 /* AppDelegate.swift in Sources */ = {isa = PBXBuildFile; fileRef = F5B182E91BDFE2BE00EE5757 /* AppDelegate.swift */; };
		F5B182EC1BDFE2BE00EE5757 /* ViewController.swift in Sources */ = {isa = PBXBuildFile; fileRef = F5B182EB1BDFE2BE00EE5757 /* ViewController.swift */; };
		F5B182EF1BDFE2BE00EE5757 /* Main.storyboard in Resources */ = {isa = PBXBuildFile; fileRef = F5B182ED1BDFE2BE00EE5757 /* Main.storyboard */; };
		F5B182F11BDFE2BE00EE5757 /* Images.xcassets in Resources */ = {isa = PBXBuildFile; fileRef = F5B182F01BDFE2BE00EE5757 /* Images.xcassets */; };
		F5B182F41BDFE2BE00EE5757 /* LaunchScreen.xib in Resources */ = {isa = PBXBuildFile; fileRef = F5B182F21BDFE2BE00EE5757 /* LaunchScreen.xib */; };
		F5B183001BDFE2BF00EE5757 /* A_BTests.swift in Sources */ = {isa = PBXBuildFile; fileRef = F5B182FF1BDFE2BF00EE5757 /* A_BTests.swift */; };
/* End PBXBuildFile section */

/* Begin PBXContainerItemProxy section */
		F5B182FA1BDFE2BF00EE5757 /* PBXContainerItemProxy */ = {
			isa = PBXContainerItemProxy;
			containerPortal = F5B182DC1BDFE2BE00EE5757 /* Project object */;
			proxyType = 1;
			remoteGlobalIDString = F5B182E31BDFE2BE00EE5757;
			remoteInfo = "A&B";
		};
/* End PBXContainerItemProxy section */

/* Begin PBXFileReference section */
		F5B182E41BDFE2BE00EE5757 /* AeB.app */ = {isa = PBXFileReference; explicitFileType = wrapper.application; includeInIndex = 0; path = AeB.app; sourceTree = BUILT_PRODUCTS_DIR; };
		F5B182E81BDFE2BE00EE5757 /* Info.plist */ = {isa = PBXFileReference; lastKnownFileType = text.plist.xml; path = Info.plist; sourceTree = "<group>"; };
		F5B182E91BDFE2BE00EE5757 /* AppDelegate.swift */ = {isa = PBXFileReference; lastKnownFileType = sourcecode.swift; path = AppDelegate.swift; sourceTree = "<group>"; };
		F5B182EB1BDFE2BE00EE5757 /* ViewController.swift */ = {isa = PBXFileReference; lastKnownFileType = sourcecode.swift; path = ViewController.swift; sourceTree = "<group>"; };
		F5B182EE1BDFE2BE00EE5757 /* Base */ = {isa = PBXFileReference; lastKnownFileType = file.storyboard; name = Base; path = Base.lproj/Main.storyboard; sourceTree = "<group>"; };
		F5B182F01BDFE2BE00EE5757 /* Images.xcassets */ = {isa = PBXFileReference; lastKnownFileType = folder.assetcatalog; path = Images.xcassets; sourceTree = "<group>"; };
		F5B182F31BDFE2BE00EE5757 /* Base */ = {isa = PBXFileReference; lastKnownFileType = file.xib; name = Base; path = Base.lproj/LaunchScreen.xib; sourceTree = "<group>"; };
		F5B182F91BDFE2BF00EE5757 /* AeBTests.xctest */ = {isa = PBXFileReference; explicitFileType = wrapper.cfbundle; includeInIndex = 0; path = AeBTests.xctest; sourceTree = BUILT_PRODUCTS_DIR; };
		F5B182FE1BDFE2BF00EE5757 /* Info.plist */ = {isa = PBXFileReference; lastKnownFileType = text.plist.xml; path = Info.plist; sourceTree = "<group>"; };
		F5B182FF1BDFE2BF00EE5757 /* A_BTests.swift */ = {isa = PBXFileReference; lastKnownFileType = sourcecode.swift; path = A_BTests.swift; sourceTree = "<group>"; };
/* End PBXFileReference section */

/* Begin PBXFrameworksBuildPhase section */
		F5B182E11BDFE2BE00EE5757 /* Frameworks */ = {
			isa = PBXFrameworksBuildPhase;
			buildActionMask = 2147483647;
			files = (
			);
			runOnlyForDeploymentPostprocessing = 0;
		};
		F5B182F61BDFE2BF00EE5757 /* Frameworks */ = {
			isa = PBXFrameworksBuildPhase;
			buildActionMask = 2147483647;
			files = (
			);
			runOnlyForDeploymentPostprocessing = 0;
		};
/* End PBXFrameworksBuildPhase section */

/* Begin PBXGroup section */
		F5B182DB1BDFE2BE00EE5757 = {
			isa = PBXGroup;
			children = (
				F5B182E61BDFE2BE00EE5757 /* A&B */,
				F5B182FC1BDFE2BF00EE5757 /* A&BTests */,
				F5B182E51BDFE2BE00EE5757 /* Products */,
			);
			sourceTree = "<group>";
		};
		F5B182E51BDFE2BE00EE5757 /* Products */ = {
			isa = PBXGroup;
			children = (
				F5B182E41BDFE2BE00EE5757 /* AeB.app */,
				F5B182F91BDFE2BF00EE5757 /* AeBTests.xctest */,
			);
			name = Products;
			sourceTree = "<group>";
		};
		F5B182E61BDFE2BE00EE5757 /* A&B */ = {
			isa = PBXGroup;
			children = (
				F5B182E91BDFE2BE00EE5757 /* AppDelegate.swift */,
				F5B182EB1BDFE2BE00EE5757 /* ViewController.swift */,
				F5B182ED1BDFE2BE00EE5757 /* Main.storyboard */,
				F5B182F01BDFE2BE00EE5757 /* Images.xcassets */,
				F5B182F21BDFE2BE00EE5757 /* LaunchScreen.xib */,
				F5B182E71BDFE2BE00EE5757 /* Supporting Files */,
			);
			path = "A&B";
			sourceTree = "<group>";
		};
		F5B182E71BDFE2BE00EE5757 /* Supporting Files */ = {
			isa = PBXGroup;
			children = (
				F5B182E81BDFE2BE00EE5757 /* Info.plist */,
			);
			name = "Supporting Files";
			sourceTree = "<group>";
		};
		F5B182FC1BDFE2BF00EE5757 /* A&BTests */ = {
			isa = PBXGroup;
			children = (
				F5B182FF1BDFE2BF00EE5757 /* A_BTests.swift */,
				F5B182FD1BDFE2BF00EE5757 /* Supporting Files */,
			);
			path = "A&BTests";
			sourceTree = "<group>";
		};
		F5B182FD1BDFE2BF00EE5757 /* Supporting Files */ = {
			isa = PBXGroup;
			children = (
				F5B182FE1BDFE2BF00EE5757 /* Info.plist */,
			);
			name = "Supporting Files";
			sourceTree = "<group>";
		};
/* End PBXGroup section */

/* Begin PBXNativeTarget section */
		F5B182E31BDFE2BE00EE5757 /* AeB */ = {
			isa = PBXNativeTarget;
			buildConfigurationList = F5B183031BDFE2BF00EE5757 /* Build configuration list for PBXNativeTarget "AeB" */;
			buildPhases = (
				F5B182E01BDFE2BE00EE5757 /* Sources */,
				F5B182E11BDFE2BE00EE5757 /* Frameworks */,
				F5B182E21BDFE2BE00EE5757 /* Resources */,
			);
			buildRules = (
			);
			dependencies = (
			);
			name = AeB;
			productName = "A&B";
			productReference = F5B182E41BDFE2BE00EE5757 /* AeB.app */;
			productType = "com.apple.product-type.application";
		};
		F5B182F81BDFE2BF00EE5757 /* AeBTests */ = {
			isa = PBXNativeTarget;
			buildConfigurationList = F5B183061BDFE2BF00EE5757 /* Build configuration list for PBXNativeTarget "AeBTests" */;
			buildPhases = (
				F5B182F51BDFE2BF00EE5757 /* Sources */,
				F5B182F61BDFE2BF00EE5757 /* Frameworks */,
				F5B182F71BDFE2BF00EE5757 /* Resources */,
			);
			buildRules = (
			);
			dependencies = (
				F5B182FB1BDFE2BF00EE5757 /* PBXTargetDependency */,
			);
			name = AeBTests;
			productName = "A&BTests";
			productReference = F5B182F91BDFE2BF00EE5757 /* AeBTests.xctest */;
			productType = "com.apple.product-type.bundle.unit-test";
		};
/* End PBXNativeTarget section */

/* Begin PBXProject section */
		F5B182DC1BDFE2BE00EE5757 /* Project object */ = {
			isa = PBXProject;
			attributes = {
				LastSwiftUpdateCheck = 0710;
				LastUpgradeCheck = 0710;
				ORGANIZATIONNAME = Nylon;
				TargetAttributes = {
					F5B182E31BDFE2BE00EE5757 = {
						CreatedOnToolsVersion = 6.4;
					};
					F5B182F81BDFE2BF00EE5757 = {
						CreatedOnToolsVersion = 6.4;
						TestTargetID = F5B182E31BDFE2BE00EE5757;
					};
				};
			};
			buildConfigurationList = F5B182DF1BDFE2BE00EE5757 /* Build configuration list for PBXProject "AeB" */;
			compatibilityVersion = "Xcode 3.2";
			developmentRegion = English;
			hasScannedForEncodings = 0;
			knownRegions = (
				en,
				Base,
			);
			mainGroup = F5B182DB1BDFE2BE00EE5757;
			productRefGroup = F5B182E51BDFE2BE00EE5757 /* Products */;
			projectDirPath = "";
			projectRoot = "";
			targets = (
				F5B182E31BDFE2BE00EE5757 /* AeB */,
				F5B182F81BDFE2BF00EE5757 /* AeBTests */,
			);
		};
/* End PBXProject section */

/* Begin PBXResourcesBuildPhase section */
		F5B182E21BDFE2BE00EE5757 /* Resources */ = {
			isa = PBXResourcesBuildPhase;
			buildActionMask = 2147483647;
			files = (
				F5B182EF1BDFE2BE00EE5757 /* Main.storyboard in Resources */,
				F5B182F41BDFE2BE00EE5757 /* LaunchScreen.xib in Resources */,
				F5B182F11BDFE2BE00EE5757 /* Images.xcassets in Resources */,
			);
			runOnlyForDeploymentPostprocessing = 0;
		};
		F5B182F71BDFE2BF00EE5757 /* Resources */ = {
			isa = PBXResourcesBuildPhase;
			buildActionMask = 2147483647;
			files = (
			);
			runOnlyForDeploymentPostprocessing = 0;
		};
/* End PBXResourcesBuildPhase section */

/* Begin PBXSourcesBuildPhase section */
		F5B182E01BDFE2BE00EE5757 /* Sources */ = {
			isa = PBXSourcesBuildPhase;
			buildActionMask = 2147483647;
			files = (
				F5B182EC1BDFE2BE00EE5757 /* ViewController.swift in Sources */,
				F5B182EA1BDFE2BE00EE5757 /* AppDelegate.swift in Sources */,
			);
			runOnlyForDeploymentPostprocessing = 0;
		};
		F5B182F51BDFE2BF00EE5757 /* Sources */ = {
			isa = PBXSourcesBuildPhase;
			buildActionMask = 2147483647;
			files = (
				F5B183001BDFE2BF00EE5757 /* A_BTests.swift in Sources */,
			);
			runOnlyForDeploymentPostprocessing = 0;
		};
/* End PBXSourcesBuildPhase section */

/* Begin PBXTargetDependency section */
		F5B182FB1BDFE2BF00EE5757 /* PBXTargetDependency */ = {
			isa = PBXTargetDependency;
			target = F5B182E31BDFE2BE00EE5757 /* AeB */;
			targetProxy = F5B182FA1BDFE2BF00EE5757 /* PBXContainerItemProxy */;
		};
/* End PBXTargetDependency section */

/* Begin PBXVariantGroup section */
		F5B182ED1BDFE2BE00EE5757 /* Main.storyboard */ = {
			isa = PBXVariantGroup;
			children = (
				F5B182EE1BDFE2BE00EE5757 /* Base */,
			);
			name = Main.storyboard;
			sourceTree = "<group>";
		};
		F5B182F21BDFE2BE00EE5757 /* LaunchScreen.xib */ = {
			isa = PBXVariantGroup;
			children = (
				F5B182F31BDFE2BE00EE5757 /* Base */,
			);
			name = LaunchScreen.xib;
			sourceTree = "<group>";
		};
/* End PBXVariantGroup section */

/* Begin XCBuildConfiguration section */
		F5B183011BDFE2BF00EE5757 /* Debug */ = {
			isa = XCBuildConfiguration;
			buildSettings = {
				ALWAYS_SEARCH_USER_PATHS = NO;
				CLANG_CXX_LANGUAGE_STANDARD = "gnu++0x";
				CLANG_CXX_LIBRARY = "libc++";
				CLANG_ENABLE_MODULES = YES;
				CLANG_ENABLE_OBJC_ARC = YES;
				CLANG_WARN_BOOL_CONVERSION = YES;
				CLANG_WARN_CONSTANT_CONVERSION = YES;
				CLANG_WARN_DIRECT_OBJC_ISA_USAGE = YES_ERROR;
				CLANG_WARN_EMPTY_BODY = YES;
				CLANG_WARN_ENUM_CONVERSION = YES;
				CLANG_WARN_INT_CONVERSION = YES;
				CLANG_WARN_OBJC_ROOT_CLASS = YES_ERROR;
				CLANG_WARN_UNREACHABLE_CODE = YES;
				CLANG_WARN__DUPLICATE_METHOD_MATCH = YES;
				"CODE_SIGN_IDENTITY[sdk=iphoneos*]" = "iPhone Developer";
				COPY_PHASE_STRIP = NO;
				DEBUG_INFORMATION_FORMAT = "dwarf-with-dsym";
				ENABLE_STRICT_OBJC_MSGSEND = YES;
				ENABLE_TESTABILITY = YES;
				GCC_C_LANGUAGE_STANDARD = gnu99;
				GCC_DYNAMIC_NO_PIC = NO;
				GCC_NO_COMMON_BLOCKS = YES;
				GCC_OPTIMIZATION_LEVEL = 0;
				GCC_PREPROCESSOR_DEFINITIONS = (
					"DEBUG=1",
					"$(inherited)",
				);
				GCC_SYMBOLS_PRIVATE_EXTERN = NO;
				GCC_WARN_64_TO_32_BIT_CONVERSION = YES;
				GCC_WARN_ABOUT_RETURN_TYPE = YES_ERROR;
				GCC_WARN_UNDECLARED_SELECTOR = YES;
				GCC_WARN_UNINITIALIZED_AUTOS = YES_AGGRESSIVE;
				GCC_WARN_UNUSED_FUNCTION = YES;
				GCC_WARN_UNUSED_VARIABLE = YES;
				IPHONEOS_DEPLOYMENT_TARGET = 8.4;
				MTL_ENABLE_DEBUG_INFO = YES;
				ONLY_ACTIVE_ARCH = YES;
				SDKROOT = iphoneos;
				SWIFT_OPTIMIZATION_LEVEL = "-Onone";
				TARGETED_DEVICE_FAMILY = "1,2";
			};
			name = Debug;
		};
		F5B183021BDFE2BF00EE5757 /* Release */ = {
			isa = XCBuildConfiguration;
			buildSettings = {
				ALWAYS_SEARCH_USER_PATHS = NO;
				CLANG_CXX_LANGUAGE_STANDARD = "gnu++0x";
				CLANG_CXX_LIBRARY = "libc++";
				CLANG_ENABLE_MODULES = YES;
				CLANG_ENABLE_OBJC_ARC = YES;
				CLANG_WARN_BOOL_CONVERSION = YES;
				CLANG_WARN_CONSTANT_CONVERSION = YES;
				CLANG_WARN_DIRECT_OBJC_ISA_USAGE = YES_ERROR;
				CLANG_WARN_EMPTY_BODY = YES;
				CLANG_WARN_ENUM_CONVERSION = YES;
				CLANG_WARN_INT_CONVERSION = YES;
				CLANG_WARN_OBJC_ROOT_CLASS = YES_ERROR;
				CLANG_WARN_UNREACHABLE_CODE = YES;
				CLANG_WARN__DUPLICATE_METHOD_MATCH = YES;
				"CODE_SIGN_IDENTITY[sdk=iphoneos*]" = "iPhone Developer";
				COPY_PHASE_STRIP = NO;
				DEBUG_INFORMATION_FORMAT = "dwarf-with-dsym";
				ENABLE_NS_ASSERTIONS = NO;
				ENABLE_STRICT_OBJC_MSGSEND = YES;
				GCC_C_LANGUAGE_STANDARD = gnu99;
				GCC_NO_COMMON_BLOCKS = YES;
				GCC_WARN_64_TO_32_BIT_CONVERSION = YES;
				GCC_WARN_ABOUT_RETURN_TYPE = YES_ERROR;
				GCC_WARN_UNDECLARED_SELECTOR = YES;
				GCC_WARN_UNINITIALIZED_AUTOS = YES_AGGRESSIVE;
				GCC_WARN_UNUSED_FUNCTION = YES;
				GCC_WARN_UNUSED_VARIABLE = YES;
				IPHONEOS_DEPLOYMENT_TARGET = 8.4;
				MTL_ENABLE_DEBUG_INFO = NO;
				SDKROOT = iphoneos;
				TARGETED_DEVICE_FAMILY = "1,2";
				VALIDATE_PRODUCT = YES;
			};
			name = Release;
		};
		F5B183041BDFE2BF00EE5757 /* Debug */ = {
			isa = XCBuildConfiguration;
			buildSettings = {
				ASSETCATALOG_COMPILER_APPICON_NAME = AppIcon;
				INFOPLIST_FILE = "A&B/Info.plist";
				LD_RUNPATH_SEARCH_PATHS = "$(inherited) @executable_path/Frameworks";
				PRODUCT_BUNDLE_IDENTIFIER = "com.Nylondev.$(PRODUCT_NAME:rfc1034identifier)";
				PRODUCT_NAME = AeB;
			};
			name = Debug;
		};
		F5B183051BDFE2BF00EE5757 /* Release */ = {
			isa = XCBuildConfiguration;
			buildSettings = {
				ASSETCATALOG_COMPILER_APPICON_NAME = AppIcon;
				INFOPLIST_FILE = "A&B/Info.plist";
				LD_RUNPATH_SEARCH_PATHS = "$(inherited) @executable_path/Frameworks";
				PRODUCT_BUNDLE_IDENTIFIER = "com.Nylondev.$(PRODUCT_NAME:rfc1034identifier)";
				PRODUCT_NAME = AeB;
			};
			name = Release;
		};
		F5B183071BDFE2BF00EE5757 /* Debug */ = {
			isa = XCBuildConfiguration;
			buildSettings = {
				BUNDLE_LOADER = "$(TEST_HOST)";
				FRAMEWORK_SEARCH_PATHS = (
					"$(SDKROOT)/Developer/Library/Frameworks",
					"$(inherited)",
				);
				GCC_PREPROCESSOR_DEFINITIONS = (
					"DEBUG=1",
					"$(inherited)",
				);
				INFOPLIST_FILE = "A&BTests/Info.plist";
				LD_RUNPATH_SEARCH_PATHS = "$(inherited) @executable_path/Frameworks @loader_path/Frameworks";
				PRODUCT_BUNDLE_IDENTIFIER = "com.Nylondev.$(PRODUCT_NAME:rfc1034identifier)";
				PRODUCT_NAME = AeBTests;
				TEST_HOST = "$(BUILT_PRODUCTS_DIR)/A&B.app/A&B";
			};
			name = Debug;
		};
		F5B183081BDFE2BF00EE5757 /* Release */ = {
			isa = XCBuildConfiguration;
			buildSettings = {
				BUNDLE_LOADER = "$(TEST_HOST)";
				FRAMEWORK_SEARCH_PATHS = (
					"$(SDKROOT)/Developer/Library/Frameworks",
					"$(inherited)",
				);
				INFOPLIST_FILE = "A&BTests/Info.plist";
				LD_RUNPATH_SEARCH_PATHS = "$(inherited) @executable_path/Frameworks @loader_path/Frameworks";
				PRODUCT_BUNDLE_IDENTIFIER = "com.Nylondev.$(PRODUCT_NAME:rfc1034identifier)";
				PRODUCT_NAME = AeBTests;
				TEST_HOST = "$(BUILT_PRODUCTS_DIR)/A&B.app/A&B";
			};
			name = Release;
		};
/* End XCBuildConfiguration section */

/* Begin XCConfigurationList section */
		F5B182DF1BDFE2BE00EE5757 /* Build configuration list for PBXProject "AeB" */ = {
			isa = XCConfigurationList;
			buildConfigurations = (
				F5B183011BDFE2BF00EE5757 /* Debug */,
				F5B183021BDFE2BF00EE5757 /* Release */,
			);
			defaultConfigurationIsVisible = 0;
			defaultConfigurationName = Release;
		};
		F5B183031BDFE2BF00EE5757 /* Build configuration list for PBXNativeTarget "AeB" */ = {
			isa = XCConfigurationList;
			buildConfigurations = (
				F5B183041BDFE2BF00EE5757 /* Debug */,
				F5B183051BDFE2BF00EE5757 /* Release */,
			);
			defaultConfigurationIsVisible = 0;
			defaultConfigurationName = Release;
		};
		F5B183061BDFE2BF00EE5757 /* Build configuration list for PBXNativeTarget "AeBTests" */ = {
			isa = XCConfigurationList;
			buildConfigurations = (
				F5B183071BDFE2BF00EE5757 /* Debug */,
				F5B183081BDFE2BF00EE5757 /* Release */,
			);
			defaultConfigurationIsVisible = 0;
			defaultConfigurationName = Release;
		};
/* End XCConfigurationList section */
	};
	rootObject = F5B182DC1BDFE2BE00EE5757 /* Project object */;
}
